
Microsoft Visual Studio Solution File, Format Version 12.00
# Visual Studio 15
Project("{FAE04EC0-301F-11D3-BF4B-00C04F79EFBC}") = "UnityEngine.TestRunner", "UnityEngine.TestRunner.csproj", "{7DBC31B7-38FC-839D-12DD-E7B8CEDBB929}"
EndProject
Project("{FAE04EC0-301F-11D3-BF4B-00C04F79EFBC}") = "UnityEngine.UI", "UnityEngine.UI.csproj", "{41C98B60-8A77-7DD7-195B-1890704FA7FD}"
EndProject
Project("{FAE04EC0-301F-11D3-BF4B-00C04F79EFBC}") = "Unity.VisualScripting.Flow", "Unity.VisualScripting.Flow.csproj", "{7A7EE6C5-457E-2C5C-7FFD-3EE0E894F332}"
EndProject
Project("{FAE04EC0-301F-11D3-BF4B-00C04F79EFBC}") = "Unity.VisualScripting.State", "Unity.VisualScripting.State.csproj", "{385D0843-52AA-982D-8A7B-6B9B25635744}"
EndProject
Project("{FAE04EC0-301F-11D3-BF4B-00C04F79EFBC}") = "Unity.VisualScripting.Core", "Unity.VisualScripting.Core.csproj", "{FB754D8B-4DE2-1DF8-9723-F39FE702809F}"
EndProject
Project("{FAE04EC0-301F-11D3-BF4B-00C04F79EFBC}") = "Unity.TextMeshPro", "Unity.TextMeshPro.csproj", "{35615FAF-B2F1-4583-E6B0-7942C76FAE16}"
EndProject
Project("{FAE04EC0-301F-11D3-BF4B-00C04F79EFBC}") = "Unity.Timeline", "Unity.Timeline.csproj", "{A13A3744-304A-13E4-9695-93B527D80314}"
EndProject
Project("{FAE04EC0-301F-11D3-BF4B-00C04F79EFBC}") = "TTWebGL", "TTWebGL.csproj", "{8E68415F-A65B-78D1-2EED-9ED580D95D0A}"
EndProject
Project("{FAE04EC0-301F-11D3-BF4B-00C04F79EFBC}") = "Assembly-CSharp", "Assembly-CSharp.csproj", "{E64AE703-D5D4-9263-68F4-F99148BF5414}"
EndProject
Project("{FAE04EC0-301F-11D3-BF4B-00C04F79EFBC}") = "TTLitJson", "TTLitJson.csproj", "{67E621BE-B583-0CAB-233E-CAC15277D4E2}"
EndProject
Project("{FAE04EC0-301F-11D3-BF4B-00C04F79EFBC}") = "Unity.PlasticSCM.Editor", "Unity.PlasticSCM.Editor.csproj", "{DD30F81A-7350-F44C-27EC-2BB89D5AC5B9}"
EndProject
Project("{FAE04EC0-301F-11D3-BF4B-00C04F79EFBC}") = "Unity.VisualScripting.Core.Editor", "Unity.VisualScripting.Core.Editor.csproj", "{BAC78AF0-24CA-A727-C1B9-CA92F9217782}"
EndProject
Project("{FAE04EC0-301F-11D3-BF4B-00C04F79EFBC}") = "Unity.VisualScripting.Flow.Editor", "Unity.VisualScripting.Flow.Editor.csproj", "{C5BF23E4-A686-18B1-F632-CE65259AEB1F}"
EndProject
Project("{FAE04EC0-301F-11D3-BF4B-00C04F79EFBC}") = "Unity.VisualStudio.Editor", "Unity.VisualStudio.Editor.csproj", "{B465D384-0ECA-B200-712B-F48326A6C9DD}"
EndProject
Project("{FAE04EC0-301F-11D3-BF4B-00C04F79EFBC}") = "Unity.Timeline.Editor", "Unity.Timeline.Editor.csproj", "{A32E1F5A-EA96-6BFF-DC2B-4E35FAFC450F}"
EndProject
Project("{FAE04EC0-301F-11D3-BF4B-00C04F79EFBC}") = "Unity.VisualScripting.State.Editor", "Unity.VisualScripting.State.Editor.csproj", "{04E8A7C2-A5CB-343E-F610-74A4B964F14F}"
EndProject
Project("{FAE04EC0-301F-11D3-BF4B-00C04F79EFBC}") = "Unity.TextMeshPro.Editor", "Unity.TextMeshPro.Editor.csproj", "{B84E2C2C-CE20-24A6-F337-10297BE982DA}"
EndProject
Project("{FAE04EC0-301F-11D3-BF4B-00C04F79EFBC}") = "Unity.VisualScripting.SettingsProvider.Editor", "Unity.VisualScripting.SettingsProvider.Editor.csproj", "{B61805B6-B8DC-D462-8AB6-23BDACC46A72}"
EndProject
Project("{FAE04EC0-301F-11D3-BF4B-00C04F79EFBC}") = "UnityEditor.TestRunner", "UnityEditor.TestRunner.csproj", "{ED29280E-DE2D-39DF-D8D3-3F2D2608D3F7}"
EndProject
Project("{FAE04EC0-301F-11D3-BF4B-00C04F79EFBC}") = "Unity.TestTools.CodeCoverage.Editor", "Unity.TestTools.CodeCoverage.Editor.csproj", "{AA509CCA-BB48-90E5-085A-0FB88547286E}"
EndProject
Project("{FAE04EC0-301F-11D3-BF4B-00C04F79EFBC}") = "Unity.Rider.Editor", "Unity.Rider.Editor.csproj", "{7230DF02-3D81-3917-57DE-6C9570E772AF}"
EndProject
Project("{FAE04EC0-301F-11D3-BF4B-00C04F79EFBC}") = "Unity.Performance.Profile-Analyzer.Editor", "Unity.Performance.Profile-Analyzer.Editor.csproj", "{1E41A980-A56E-6094-FE1F-5AA013A5EEAE}"
EndProject
Project("{FAE04EC0-301F-11D3-BF4B-00C04F79EFBC}") = "Unity.VSCode.Editor", "Unity.VSCode.Editor.csproj", "{3E0947F9-EFC0-1BE1-D955-62A488FDBC6B}"
EndProject
Project("{FAE04EC0-301F-11D3-BF4B-00C04F79EFBC}") = "UnityEditor.UI", "UnityEditor.UI.csproj", "{9BBC86B0-A86A-2346-3653-EF9458C7456F}"
EndProject
Project("{FAE04EC0-301F-11D3-BF4B-00C04F79EFBC}") = "Unity.TestTools.CodeCoverage.Editor.OpenCover.Model", "Unity.TestTools.CodeCoverage.Editor.OpenCover.Model.csproj", "{8C1ADBA1-6D25-5525-5A75-7F10F50F2295}"
EndProject
Project("{FAE04EC0-301F-11D3-BF4B-00C04F79EFBC}") = "Unity.EditorCoroutines.Editor", "Unity.EditorCoroutines.Editor.csproj", "{4A7A7862-694F-7B4C-0900-D0B7AE97ECB4}"
EndProject
Project("{FAE04EC0-301F-11D3-BF4B-00C04F79EFBC}") = "Unity.Settings.Editor", "Unity.Settings.Editor.csproj", "{54862344-820E-19B1-E469-8296D730998D}"
EndProject
Project("{FAE04EC0-301F-11D3-BF4B-00C04F79EFBC}") = "Unity.CollabProxy.Editor", "Unity.CollabProxy.Editor.csproj", "{40AAD0C0-20EB-FF74-AC07-0F8D4B8D47BF}"
EndProject
Project("{FAE04EC0-301F-11D3-BF4B-00C04F79EFBC}") = "com.bytedance.ttsdk-editor", "com.bytedance.ttsdk-editor.csproj", "{0309F4A1-5200-5765-6680-1C05757F0DCF}"
EndProject
Project("{FAE04EC0-301F-11D3-BF4B-00C04F79EFBC}") = "Unity.TestTools.CodeCoverage.Editor.OpenCover.Mono.Reflection", "Unity.TestTools.CodeCoverage.Editor.OpenCover.Mono.Reflection.csproj", "{62B57222-30B5-6560-EF0F-44ADB1594CE1}"
EndProject
Project("{FAE04EC0-301F-11D3-BF4B-00C04F79EFBC}") = "Unity.VisualScripting.Shared.Editor", "Unity.VisualScripting.Shared.Editor.csproj", "{1B6AE016-A6DA-0DAC-E5BB-4B1ADA300550}"
EndProject
Project("{FAE04EC0-301F-11D3-BF4B-00C04F79EFBC}") = "UnityEngine.TestRunner", "UnityEngine.TestRunner.Player.csproj", "{090C5A07-3CBB-59CE-9DB5-CA3F2262473F}"
EndProject
Project("{FAE04EC0-301F-11D3-BF4B-00C04F79EFBC}") = "UnityEngine.UI", "UnityEngine.UI.Player.csproj", "{8DA6645B-AB10-3EB9-9CF5-9B39B37493E9}"
EndProject
Project("{FAE04EC0-301F-11D3-BF4B-00C04F79EFBC}") = "Unity.VisualScripting.Flow", "Unity.VisualScripting.Flow.Player.csproj", "{0EFB69D2-9352-0C9C-E2D4-013A4EA77666}"
EndProject
Project("{FAE04EC0-301F-11D3-BF4B-00C04F79EFBC}") = "Unity.VisualScripting.State", "Unity.VisualScripting.State.Player.csproj", "{7178B722-B686-4DE1-C1B2-60CE917C1EF9}"
EndProject
Project("{FAE04EC0-301F-11D3-BF4B-00C04F79EFBC}") = "Unity.VisualScripting.Core", "Unity.VisualScripting.Core.Player.csproj", "{4BE14A23-DCE3-6AD9-F955-F669D555CF80}"
EndProject
Project("{FAE04EC0-301F-11D3-BF4B-00C04F79EFBC}") = "Unity.TextMeshPro", "Unity.TextMeshPro.Player.csproj", "{A34D5B9A-4EAB-263E-1AA5-B718310FFF79}"
EndProject
Project("{FAE04EC0-301F-11D3-BF4B-00C04F79EFBC}") = "Unity.Timeline", "Unity.Timeline.Player.csproj", "{3C1103D7-BD26-21CA-5136-780930F76EA4}"
EndProject
Project("{FAE04EC0-301F-11D3-BF4B-00C04F79EFBC}") = "TTWebGL", "TTWebGL.Player.csproj", "{34052C14-B799-BBE1-0154-8577B2960042}"
EndProject
Project("{FAE04EC0-301F-11D3-BF4B-00C04F79EFBC}") = "Assembly-CSharp", "Assembly-CSharp.Player.csproj", "{110EEE4E-1A16-C16D-A5BF-F20EEC0495D5}"
EndProject
Project("{FAE04EC0-301F-11D3-BF4B-00C04F79EFBC}") = "TTLitJson", "TTLitJson.Player.csproj", "{688197D1-8D2F-CAD7-AF04-943D12559AE1}"
EndProject
Global
	GlobalSection(SolutionConfigurationPlatforms) = preSolution
		Debug|Any CPU = Debug|Any CPU
		Release|Any CPU = Release|Any CPU
	EndGlobalSection
	GlobalSection(ProjectConfigurationPlatforms) = postSolution
		{7DBC31B7-38FC-839D-12DD-E7B8CEDBB929}.Debug|Any CPU.ActiveCfg = Debug|Any CPU
		{7DBC31B7-38FC-839D-12DD-E7B8CEDBB929}.Debug|Any CPU.Build.0 = Debug|Any CPU
		{7DBC31B7-38FC-839D-12DD-E7B8CEDBB929}.Release|Any CPU.ActiveCfg = Release|Any CPU
		{7DBC31B7-38FC-839D-12DD-E7B8CEDBB929}.Release|Any CPU.Build.0 = Release|Any CPU
		{41C98B60-8A77-7DD7-195B-1890704FA7FD}.Debug|Any CPU.ActiveCfg = Debug|Any CPU
		{41C98B60-8A77-7DD7-195B-1890704FA7FD}.Debug|Any CPU.Build.0 = Debug|Any CPU
		{41C98B60-8A77-7DD7-195B-1890704FA7FD}.Release|Any CPU.ActiveCfg = Release|Any CPU
		{41C98B60-8A77-7DD7-195B-1890704FA7FD}.Release|Any CPU.Build.0 = Release|Any CPU
		{7A7EE6C5-457E-2C5C-7FFD-3EE0E894F332}.Debug|Any CPU.ActiveCfg = Debug|Any CPU
		{7A7EE6C5-457E-2C5C-7FFD-3EE0E894F332}.Debug|Any CPU.Build.0 = Debug|Any CPU
		{7A7EE6C5-457E-2C5C-7FFD-3EE0E894F332}.Release|Any CPU.ActiveCfg = Release|Any CPU
		{7A7EE6C5-457E-2C5C-7FFD-3EE0E894F332}.Release|Any CPU.Build.0 = Release|Any CPU
		{385D0843-52AA-982D-8A7B-6B9B25635744}.Debug|Any CPU.ActiveCfg = Debug|Any CPU
		{385D0843-52AA-982D-8A7B-6B9B25635744}.Debug|Any CPU.Build.0 = Debug|Any CPU
		{385D0843-52AA-982D-8A7B-6B9B25635744}.Release|Any CPU.ActiveCfg = Release|Any CPU
		{385D0843-52AA-982D-8A7B-6B9B25635744}.Release|Any CPU.Build.0 = Release|Any CPU
		{FB754D8B-4DE2-1DF8-9723-F39FE702809F}.Debug|Any CPU.ActiveCfg = Debug|Any CPU
		{FB754D8B-4DE2-1DF8-9723-F39FE702809F}.Debug|Any CPU.Build.0 = Debug|Any CPU
		{FB754D8B-4DE2-1DF8-9723-F39FE702809F}.Release|Any CPU.ActiveCfg = Release|Any CPU
		{FB754D8B-4DE2-1DF8-9723-F39FE702809F}.Release|Any CPU.Build.0 = Release|Any CPU
		{35615FAF-B2F1-4583-E6B0-7942C76FAE16}.Debug|Any CPU.ActiveCfg = Debug|Any CPU
		{35615FAF-B2F1-4583-E6B0-7942C76FAE16}.Debug|Any CPU.Build.0 = Debug|Any CPU
		{35615FAF-B2F1-4583-E6B0-7942C76FAE16}.Release|Any CPU.ActiveCfg = Release|Any CPU
		{35615FAF-B2F1-4583-E6B0-7942C76FAE16}.Release|Any CPU.Build.0 = Release|Any CPU
		{A13A3744-304A-13E4-9695-93B527D80314}.Debug|Any CPU.ActiveCfg = Debug|Any CPU
		{A13A3744-304A-13E4-9695-93B527D80314}.Debug|Any CPU.Build.0 = Debug|Any CPU
		{A13A3744-304A-13E4-9695-93B527D80314}.Release|Any CPU.ActiveCfg = Release|Any CPU
		{A13A3744-304A-13E4-9695-93B527D80314}.Release|Any CPU.Build.0 = Release|Any CPU
		{8E68415F-A65B-78D1-2EED-9ED580D95D0A}.Debug|Any CPU.ActiveCfg = Debug|Any CPU
		{8E68415F-A65B-78D1-2EED-9ED580D95D0A}.Debug|Any CPU.Build.0 = Debug|Any CPU
		{8E68415F-A65B-78D1-2EED-9ED580D95D0A}.Release|Any CPU.ActiveCfg = Release|Any CPU
		{8E68415F-A65B-78D1-2EED-9ED580D95D0A}.Release|Any CPU.Build.0 = Release|Any CPU
		{E64AE703-D5D4-9263-68F4-F99148BF5414}.Debug|Any CPU.ActiveCfg = Debug|Any CPU
		{E64AE703-D5D4-9263-68F4-F99148BF5414}.Debug|Any CPU.Build.0 = Debug|Any CPU
		{E64AE703-D5D4-9263-68F4-F99148BF5414}.Release|Any CPU.ActiveCfg = Release|Any CPU
		{E64AE703-D5D4-9263-68F4-F99148BF5414}.Release|Any CPU.Build.0 = Release|Any CPU
		{67E621BE-B583-0CAB-233E-CAC15277D4E2}.Debug|Any CPU.ActiveCfg = Debug|Any CPU
		{67E621BE-B583-0CAB-233E-CAC15277D4E2}.Debug|Any CPU.Build.0 = Debug|Any CPU
		{67E621BE-B583-0CAB-233E-CAC15277D4E2}.Release|Any CPU.ActiveCfg = Release|Any CPU
		{67E621BE-B583-0CAB-233E-CAC15277D4E2}.Release|Any CPU.Build.0 = Release|Any CPU
		{DD30F81A-7350-F44C-27EC-2BB89D5AC5B9}.Debug|Any CPU.ActiveCfg = Debug|Any CPU
		{DD30F81A-7350-F44C-27EC-2BB89D5AC5B9}.Debug|Any CPU.Build.0 = Debug|Any CPU
		{DD30F81A-7350-F44C-27EC-2BB89D5AC5B9}.Release|Any CPU.ActiveCfg = Release|Any CPU
		{DD30F81A-7350-F44C-27EC-2BB89D5AC5B9}.Release|Any CPU.Build.0 = Release|Any CPU
		{BAC78AF0-24CA-A727-C1B9-CA92F9217782}.Debug|Any CPU.ActiveCfg = Debug|Any CPU
		{BAC78AF0-24CA-A727-C1B9-CA92F9217782}.Debug|Any CPU.Build.0 = Debug|Any CPU
		{BAC78AF0-24CA-A727-C1B9-CA92F9217782}.Release|Any CPU.ActiveCfg = Release|Any CPU
		{BAC78AF0-24CA-A727-C1B9-CA92F9217782}.Release|Any CPU.Build.0 = Release|Any CPU
		{C5BF23E4-A686-18B1-F632-CE65259AEB1F}.Debug|Any CPU.ActiveCfg = Debug|Any CPU
		{C5BF23E4-A686-18B1-F632-CE65259AEB1F}.Debug|Any CPU.Build.0 = Debug|Any CPU
		{C5BF23E4-A686-18B1-F632-CE65259AEB1F}.Release|Any CPU.ActiveCfg = Release|Any CPU
		{C5BF23E4-A686-18B1-F632-CE65259AEB1F}.Release|Any CPU.Build.0 = Release|Any CPU
		{B465D384-0ECA-B200-712B-F48326A6C9DD}.Debug|Any CPU.ActiveCfg = Debug|Any CPU
		{B465D384-0ECA-B200-712B-F48326A6C9DD}.Debug|Any CPU.Build.0 = Debug|Any CPU
		{B465D384-0ECA-B200-712B-F48326A6C9DD}.Release|Any CPU.ActiveCfg = Release|Any CPU
		{B465D384-0ECA-B200-712B-F48326A6C9DD}.Release|Any CPU.Build.0 = Release|Any CPU
		{A32E1F5A-EA96-6BFF-DC2B-4E35FAFC450F}.Debug|Any CPU.ActiveCfg = Debug|Any CPU
		{A32E1F5A-EA96-6BFF-DC2B-4E35FAFC450F}.Debug|Any CPU.Build.0 = Debug|Any CPU
		{A32E1F5A-EA96-6BFF-DC2B-4E35FAFC450F}.Release|Any CPU.ActiveCfg = Release|Any CPU
		{A32E1F5A-EA96-6BFF-DC2B-4E35FAFC450F}.Release|Any CPU.Build.0 = Release|Any CPU
		{04E8A7C2-A5CB-343E-F610-74A4B964F14F}.Debug|Any CPU.ActiveCfg = Debug|Any CPU
		{04E8A7C2-A5CB-343E-F610-74A4B964F14F}.Debug|Any CPU.Build.0 = Debug|Any CPU
		{04E8A7C2-A5CB-343E-F610-74A4B964F14F}.Release|Any CPU.ActiveCfg = Release|Any CPU
		{04E8A7C2-A5CB-343E-F610-74A4B964F14F}.Release|Any CPU.Build.0 = Release|Any CPU
		{B84E2C2C-CE20-24A6-F337-10297BE982DA}.Debug|Any CPU.ActiveCfg = Debug|Any CPU
		{B84E2C2C-CE20-24A6-F337-10297BE982DA}.Debug|Any CPU.Build.0 = Debug|Any CPU
		{B84E2C2C-CE20-24A6-F337-10297BE982DA}.Release|Any CPU.ActiveCfg = Release|Any CPU
		{B84E2C2C-CE20-24A6-F337-10297BE982DA}.Release|Any CPU.Build.0 = Release|Any CPU
		{B61805B6-B8DC-D462-8AB6-23BDACC46A72}.Debug|Any CPU.ActiveCfg = Debug|Any CPU
		{B61805B6-B8DC-D462-8AB6-23BDACC46A72}.Debug|Any CPU.Build.0 = Debug|Any CPU
		{B61805B6-B8DC-D462-8AB6-23BDACC46A72}.Release|Any CPU.ActiveCfg = Release|Any CPU
		{B61805B6-B8DC-D462-8AB6-23BDACC46A72}.Release|Any CPU.Build.0 = Release|Any CPU
		{ED29280E-DE2D-39DF-D8D3-3F2D2608D3F7}.Debug|Any CPU.ActiveCfg = Debug|Any CPU
		{ED29280E-DE2D-39DF-D8D3-3F2D2608D3F7}.Debug|Any CPU.Build.0 = Debug|Any CPU
		{ED29280E-DE2D-39DF-D8D3-3F2D2608D3F7}.Release|Any CPU.ActiveCfg = Release|Any CPU
		{ED29280E-DE2D-39DF-D8D3-3F2D2608D3F7}.Release|Any CPU.Build.0 = Release|Any CPU
		{AA509CCA-BB48-90E5-085A-0FB88547286E}.Debug|Any CPU.ActiveCfg = Debug|Any CPU
		{AA509CCA-BB48-90E5-085A-0FB88547286E}.Debug|Any CPU.Build.0 = Debug|Any CPU
		{AA509CCA-BB48-90E5-085A-0FB88547286E}.Release|Any CPU.ActiveCfg = Release|Any CPU
		{AA509CCA-BB48-90E5-085A-0FB88547286E}.Release|Any CPU.Build.0 = Release|Any CPU
		{7230DF02-3D81-3917-57DE-6C9570E772AF}.Debug|Any CPU.ActiveCfg = Debug|Any CPU
		{7230DF02-3D81-3917-57DE-6C9570E772AF}.Debug|Any CPU.Build.0 = Debug|Any CPU
		{7230DF02-3D81-3917-57DE-6C9570E772AF}.Release|Any CPU.ActiveCfg = Release|Any CPU
		{7230DF02-3D81-3917-57DE-6C9570E772AF}.Release|Any CPU.Build.0 = Release|Any CPU
		{1E41A980-A56E-6094-FE1F-5AA013A5EEAE}.Debug|Any CPU.ActiveCfg = Debug|Any CPU
		{1E41A980-A56E-6094-FE1F-5AA013A5EEAE}.Debug|Any CPU.Build.0 = Debug|Any CPU
		{1E41A980-A56E-6094-FE1F-5AA013A5EEAE}.Release|Any CPU.ActiveCfg = Release|Any CPU
		{1E41A980-A56E-6094-FE1F-5AA013A5EEAE}.Release|Any CPU.Build.0 = Release|Any CPU
		{3E0947F9-EFC0-1BE1-D955-62A488FDBC6B}.Debug|Any CPU.ActiveCfg = Debug|Any CPU
		{3E0947F9-EFC0-1BE1-D955-62A488FDBC6B}.Debug|Any CPU.Build.0 = Debug|Any CPU
		{3E0947F9-EFC0-1BE1-D955-62A488FDBC6B}.Release|Any CPU.ActiveCfg = Release|Any CPU
		{3E0947F9-EFC0-1BE1-D955-62A488FDBC6B}.Release|Any CPU.Build.0 = Release|Any CPU
		{9BBC86B0-A86A-2346-3653-EF9458C7456F}.Debug|Any CPU.ActiveCfg = Debug|Any CPU
		{9BBC86B0-A86A-2346-3653-EF9458C7456F}.Debug|Any CPU.Build.0 = Debug|Any CPU
		{9BBC86B0-A86A-2346-3653-EF9458C7456F}.Release|Any CPU.ActiveCfg = Release|Any CPU
		{9BBC86B0-A86A-2346-3653-EF9458C7456F}.Release|Any CPU.Build.0 = Release|Any CPU
		{8C1ADBA1-6D25-5525-5A75-7F10F50F2295}.Debug|Any CPU.ActiveCfg = Debug|Any CPU
		{8C1ADBA1-6D25-5525-5A75-7F10F50F2295}.Debug|Any CPU.Build.0 = Debug|Any CPU
		{8C1ADBA1-6D25-5525-5A75-7F10F50F2295}.Release|Any CPU.ActiveCfg = Release|Any CPU
		{8C1ADBA1-6D25-5525-5A75-7F10F50F2295}.Release|Any CPU.Build.0 = Release|Any CPU
		{4A7A7862-694F-7B4C-0900-D0B7AE97ECB4}.Debug|Any CPU.ActiveCfg = Debug|Any CPU
		{4A7A7862-694F-7B4C-0900-D0B7AE97ECB4}.Debug|Any CPU.Build.0 = Debug|Any CPU
		{4A7A7862-694F-7B4C-0900-D0B7AE97ECB4}.Release|Any CPU.ActiveCfg = Release|Any CPU
		{4A7A7862-694F-7B4C-0900-D0B7AE97ECB4}.Release|Any CPU.Build.0 = Release|Any CPU
		{54862344-820E-19B1-E469-8296D730998D}.Debug|Any CPU.ActiveCfg = Debug|Any CPU
		{54862344-820E-19B1-E469-8296D730998D}.Debug|Any CPU.Build.0 = Debug|Any CPU
		{54862344-820E-19B1-E469-8296D730998D}.Release|Any CPU.ActiveCfg = Release|Any CPU
		{54862344-820E-19B1-E469-8296D730998D}.Release|Any CPU.Build.0 = Release|Any CPU
		{40AAD0C0-20EB-FF74-AC07-0F8D4B8D47BF}.Debug|Any CPU.ActiveCfg = Debug|Any CPU
		{40AAD0C0-20EB-FF74-AC07-0F8D4B8D47BF}.Debug|Any CPU.Build.0 = Debug|Any CPU
		{40AAD0C0-20EB-FF74-AC07-0F8D4B8D47BF}.Release|Any CPU.ActiveCfg = Release|Any CPU
		{40AAD0C0-20EB-FF74-AC07-0F8D4B8D47BF}.Release|Any CPU.Build.0 = Release|Any CPU
		{0309F4A1-5200-5765-6680-1C05757F0DCF}.Debug|Any CPU.ActiveCfg = Debug|Any CPU
		{0309F4A1-5200-5765-6680-1C05757F0DCF}.Debug|Any CPU.Build.0 = Debug|Any CPU
		{0309F4A1-5200-5765-6680-1C05757F0DCF}.Release|Any CPU.ActiveCfg = Release|Any CPU
		{0309F4A1-5200-5765-6680-1C05757F0DCF}.Release|Any CPU.Build.0 = Release|Any CPU
		{62B57222-30B5-6560-EF0F-44ADB1594CE1}.Debug|Any CPU.ActiveCfg = Debug|Any CPU
		{62B57222-30B5-6560-EF0F-44ADB1594CE1}.Debug|Any CPU.Build.0 = Debug|Any CPU
		{62B57222-30B5-6560-EF0F-44ADB1594CE1}.Release|Any CPU.ActiveCfg = Release|Any CPU
		{62B57222-30B5-6560-EF0F-44ADB1594CE1}.Release|Any CPU.Build.0 = Release|Any CPU
		{1B6AE016-A6DA-0DAC-E5BB-4B1ADA300550}.Debug|Any CPU.ActiveCfg = Debug|Any CPU
		{1B6AE016-A6DA-0DAC-E5BB-4B1ADA300550}.Debug|Any CPU.Build.0 = Debug|Any CPU
		{1B6AE016-A6DA-0DAC-E5BB-4B1ADA300550}.Release|Any CPU.ActiveCfg = Release|Any CPU
		{1B6AE016-A6DA-0DAC-E5BB-4B1ADA300550}.Release|Any CPU.Build.0 = Release|Any CPU
		{090C5A07-3CBB-59CE-9DB5-CA3F2262473F}.Debug|Any CPU.ActiveCfg = Debug|Any CPU
		{090C5A07-3CBB-59CE-9DB5-CA3F2262473F}.Debug|Any CPU.Build.0 = Debug|Any CPU
		{090C5A07-3CBB-59CE-9DB5-CA3F2262473F}.Release|Any CPU.ActiveCfg = Release|Any CPU
		{090C5A07-3CBB-59CE-9DB5-CA3F2262473F}.Release|Any CPU.Build.0 = Release|Any CPU
		{8DA6645B-AB10-3EB9-9CF5-9B39B37493E9}.Debug|Any CPU.ActiveCfg = Debug|Any CPU
		{8DA6645B-AB10-3EB9-9CF5-9B39B37493E9}.Debug|Any CPU.Build.0 = Debug|Any CPU
		{8DA6645B-AB10-3EB9-9CF5-9B39B37493E9}.Release|Any CPU.ActiveCfg = Release|Any CPU
		{8DA6645B-AB10-3EB9-9CF5-9B39B37493E9}.Release|Any CPU.Build.0 = Release|Any CPU
		{0EFB69D2-9352-0C9C-E2D4-013A4EA77666}.Debug|Any CPU.ActiveCfg = Debug|Any CPU
		{0EFB69D2-9352-0C9C-E2D4-013A4EA77666}.Debug|Any CPU.Build.0 = Debug|Any CPU
		{0EFB69D2-9352-0C9C-E2D4-013A4EA77666}.Release|Any CPU.ActiveCfg = Release|Any CPU
		{0EFB69D2-9352-0C9C-E2D4-013A4EA77666}.Release|Any CPU.Build.0 = Release|Any CPU
		{7178B722-B686-4DE1-C1B2-60CE917C1EF9}.Debug|Any CPU.ActiveCfg = Debug|Any CPU
		{7178B722-B686-4DE1-C1B2-60CE917C1EF9}.Debug|Any CPU.Build.0 = Debug|Any CPU
		{7178B722-B686-4DE1-C1B2-60CE917C1EF9}.Release|Any CPU.ActiveCfg = Release|Any CPU
		{7178B722-B686-4DE1-C1B2-60CE917C1EF9}.Release|Any CPU.Build.0 = Release|Any CPU
		{4BE14A23-DCE3-6AD9-F955-F669D555CF80}.Debug|Any CPU.ActiveCfg = Debug|Any CPU
		{4BE14A23-DCE3-6AD9-F955-F669D555CF80}.Debug|Any CPU.Build.0 = Debug|Any CPU
		{4BE14A23-DCE3-6AD9-F955-F669D555CF80}.Release|Any CPU.ActiveCfg = Release|Any CPU
		{4BE14A23-DCE3-6AD9-F955-F669D555CF80}.Release|Any CPU.Build.0 = Release|Any CPU
		{A34D5B9A-4EAB-263E-1AA5-B718310FFF79}.Debug|Any CPU.ActiveCfg = Debug|Any CPU
		{A34D5B9A-4EAB-263E-1AA5-B718310FFF79}.Debug|Any CPU.Build.0 = Debug|Any CPU
		{A34D5B9A-4EAB-263E-1AA5-B718310FFF79}.Release|Any CPU.ActiveCfg = Release|Any CPU
		{A34D5B9A-4EAB-263E-1AA5-B718310FFF79}.Release|Any CPU.Build.0 = Release|Any CPU
		{3C1103D7-BD26-21CA-5136-780930F76EA4}.Debug|Any CPU.ActiveCfg = Debug|Any CPU
		{3C1103D7-BD26-21CA-5136-780930F76EA4}.Debug|Any CPU.Build.0 = Debug|Any CPU
		{3C1103D7-BD26-21CA-5136-780930F76EA4}.Release|Any CPU.ActiveCfg = Release|Any CPU
		{3C1103D7-BD26-21CA-5136-780930F76EA4}.Release|Any CPU.Build.0 = Release|Any CPU
		{34052C14-B799-BBE1-0154-8577B2960042}.Debug|Any CPU.ActiveCfg = Debug|Any CPU
		{34052C14-B799-BBE1-0154-8577B2960042}.Debug|Any CPU.Build.0 = Debug|Any CPU
		{34052C14-B799-BBE1-0154-8577B2960042}.Release|Any CPU.ActiveCfg = Release|Any CPU
		{34052C14-B799-BBE1-0154-8577B2960042}.Release|Any CPU.Build.0 = Release|Any CPU
		{110EEE4E-1A16-C16D-A5BF-F20EEC0495D5}.Debug|Any CPU.ActiveCfg = Debug|Any CPU
		{110EEE4E-1A16-C16D-A5BF-F20EEC0495D5}.Debug|Any CPU.Build.0 = Debug|Any CPU
		{110EEE4E-1A16-C16D-A5BF-F20EEC0495D5}.Release|Any CPU.ActiveCfg = Release|Any CPU
		{110EEE4E-1A16-C16D-A5BF-F20EEC0495D5}.Release|Any CPU.Build.0 = Release|Any CPU
		{688197D1-8D2F-CAD7-AF04-943D12559AE1}.Debug|Any CPU.ActiveCfg = Debug|Any CPU
		{688197D1-8D2F-CAD7-AF04-943D12559AE1}.Debug|Any CPU.Build.0 = Debug|Any CPU
		{688197D1-8D2F-CAD7-AF04-943D12559AE1}.Release|Any CPU.ActiveCfg = Release|Any CPU
		{688197D1-8D2F-CAD7-AF04-943D12559AE1}.Release|Any CPU.Build.0 = Release|Any CPU
	EndGlobalSection
	GlobalSection(SolutionProperties) = preSolution
		HideSolutionNode = FALSE
	EndGlobalSection
EndGlobal
